
Microsoft Visual Studio Solution File, Format Version 12.00
# Visual Studio Version 17
VisualStudioVersion = 17.9.34622.214
MinimumVisualStudioVersion = 10.0.40219.1
Project("{9A19103F-16F7-4668-BE54-9A1E7A4F7556}") = "ProjectManagementSystem.Domain", "ProjectManagementSystem.Domain\ProjectManagementSystem.Domain.csproj", "{1FB15A62-5351-4F61-8854-B250BC475972}"
EndProject
Project("{9A19103F-16F7-4668-BE54-9A1E7A4F7556}") = "ProjectManagementSystem.Application", "ProjectManagementSystem.Application\ProjectManagementSystem.Application.csproj", "{AE412D86-F502-4376-A59B-E2FA4AC6F1E1}"
EndProject
Project("{9A19103F-16F7-4668-BE54-9A1E7A4F7556}") = "ProjectManagementSystem.API", "ProjectManagementSystem.API\ProjectManagementSystem.API.csproj", "{ABBF938C-5A62-490B-9EB9-509E016FAB45}"
EndProject
Project("{9A19103F-16F7-4668-BE54-9A1E7A4F7556}") = "ProjectManagementSystem.Infrastucture", "ProjectManagementSystem.Infrastucture\ProjectManagementSystem.Infrastucture.csproj", "{76F59953-AD82-4059-8754-7FE27D367D7F}"
EndProject
Project("{9A19103F-16F7-4668-BE54-9A1E7A4F7556}") = "SharedKernel", "SharedKernel\SharedKernel.csproj", "{1B143A97-1E28-4872-874D-C33ADE8275D8}"
EndProject
Project("{9A19103F-16F7-4668-BE54-9A1E7A4F7556}") = "SmartCollege.RabbitMQ.Contracts", "SmartCollege.RabbitMQ.Contracts\SmartCollege.RabbitMQ.Contracts.csproj", "{87894579-BDCB-4E1E-9F71-5B4AEA1D0214}"
EndProject
Global
	GlobalSection(SolutionConfigurationPlatforms) = preSolution
		Debug|Any CPU = Debug|Any CPU
		Release|Any CPU = Release|Any CPU
	EndGlobalSection
	GlobalSection(ProjectConfigurationPlatforms) = postSolution
		{1FB15A62-5351-4F61-8854-B250BC475972}.Debug|Any CPU.ActiveCfg = Debug|Any CPU
		{1FB15A62-5351-4F61-8854-B250BC475972}.Debug|Any CPU.Build.0 = Debug|Any CPU
		{1FB15A62-5351-4F61-8854-B250BC475972}.Release|Any CPU.ActiveCfg = Release|Any CPU
		{1FB15A62-5351-4F61-8854-B250BC475972}.Release|Any CPU.Build.0 = Release|Any CPU
		{AE412D86-F502-4376-A59B-E2FA4AC6F1E1}.Debug|Any CPU.ActiveCfg = Debug|Any CPU
		{AE412D86-F502-4376-A59B-E2FA4AC6F1E1}.Debug|Any CPU.Build.0 = Debug|Any CPU
		{AE412D86-F502-4376-A59B-E2FA4AC6F1E1}.Release|Any CPU.ActiveCfg = Release|Any CPU
		{AE412D86-F502-4376-A59B-E2FA4AC6F1E1}.Release|Any CPU.Build.0 = Release|Any CPU
		{ABBF938C-5A62-490B-9EB9-509E016FAB45}.Debug|Any CPU.ActiveCfg = Debug|Any CPU
		{ABBF938C-5A62-490B-9EB9-509E016FAB45}.Debug|Any CPU.Build.0 = Debug|Any CPU
		{ABBF938C-5A62-490B-9EB9-509E016FAB45}.Release|Any CPU.ActiveCfg = Release|Any CPU
		{ABBF938C-5A62-490B-9EB9-509E016FAB45}.Release|Any CPU.Build.0 = Release|Any CPU
		{76F59953-AD82-4059-8754-7FE27D367D7F}.Debug|Any CPU.ActiveCfg = Debug|Any CPU
		{76F59953-AD82-4059-8754-7FE27D367D7F}.Debug|Any CPU.Build.0 = Debug|Any CPU
		{76F59953-AD82-4059-8754-7FE27D367D7F}.Release|Any CPU.ActiveCfg = Release|Any CPU
		{76F59953-AD82-4059-8754-7FE27D367D7F}.Release|Any CPU.Build.0 = Release|Any CPU
		{1B143A97-1E28-4872-874D-C33ADE8275D8}.Debug|Any CPU.ActiveCfg = Debug|Any CPU
		{1B143A97-1E28-4872-874D-C33ADE8275D8}.Debug|Any CPU.Build.0 = Debug|Any CPU
		{1B143A97-1E28-4872-874D-C33ADE8275D8}.Release|Any CPU.ActiveCfg = Release|Any CPU
		{1B143A97-1E28-4872-874D-C33ADE8275D8}.Release|Any CPU.Build.0 = Release|Any CPU
		{87894579-BDCB-4E1E-9F71-5B4AEA1D0214}.Debug|Any CPU.ActiveCfg = Debug|Any CPU
		{87894579-BDCB-4E1E-9F71-5B4AEA1D0214}.Debug|Any CPU.Build.0 = Debug|Any CPU
		{87894579-BDCB-4E1E-9F71-5B4AEA1D0214}.Release|Any CPU.ActiveCfg = Release|Any CPU
		{87894579-BDCB-4E1E-9F71-5B4AEA1D0214}.Release|Any CPU.Build.0 = Release|Any CPU
	EndGlobalSection
	GlobalSection(SolutionProperties) = preSolution
		HideSolutionNode = FALSE
	EndGlobalSection
	GlobalSection(ExtensibilityGlobals) = postSolution
		SolutionGuid = {63AB6FEE-2FBC-4B22-98AA-9083E8F87E39}
	EndGlobalSection
EndGlobal
